
Microsoft Visual Studio Solution File, Format Version 12.00
# Visual Studio Version 16
VisualStudioVersion = 16.0.28714.193
MinimumVisualStudioVersion = 10.0.40219.1
Project("{FAE04EC0-301F-11D3-BF4B-00C04F79EFBC}") = "AlunoConectadoV500.Android", "AlunoConectadoV500\AlunoConectadoV500.Android\AlunoConectadoV500.Android.csproj", "{D8632BE4-C975-4B53-AA6C-D7E10B7EED4A}"
EndProject
Project("{FAE04EC0-301F-11D3-BF4B-00C04F79EFBC}") = "AlunoConectadoV500", "AlunoConectadoV500\AlunoConectadoV500\AlunoConectadoV500.csproj", "{A7866AD5-2BC2-48DA-8F44-7956FCB52B5A}"
EndProject
Global
	GlobalSection(SolutionConfigurationPlatforms) = preSolution
		Debug|Any CPU = Debug|Any CPU
		Release|Any CPU = Release|Any CPU
	EndGlobalSection
	GlobalSection(ProjectConfigurationPlatforms) = postSolution
		{D8632BE4-C975-4B53-AA6C-D7E10B7EED4A}.Debug|Any CPU.ActiveCfg = Debug|Any CPU
		{D8632BE4-C975-4B53-AA6C-D7E10B7EED4A}.Debug|Any CPU.Build.0 = Debug|Any CPU
		{D8632BE4-C975-4B53-AA6C-D7E10B7EED4A}.Debug|Any CPU.Deploy.0 = Debug|Any CPU
		{D8632BE4-C975-4B53-AA6C-D7E10B7EED4A}.Release|Any CPU.ActiveCfg = Release|Any CPU
		{D8632BE4-C975-4B53-AA6C-D7E10B7EED4A}.Release|Any CPU.Build.0 = Release|Any CPU
		{D8632BE4-C975-4B53-AA6C-D7E10B7EED4A}.Release|Any CPU.Deploy.0 = Release|Any CPU
		{A7866AD5-2BC2-48DA-8F44-7956FCB52B5A}.Debug|Any CPU.ActiveCfg = Debug|Any CPU
		{A7866AD5-2BC2-48DA-8F44-7956FCB52B5A}.Debug|Any CPU.Build.0 = Debug|Any CPU
		{A7866AD5-2BC2-48DA-8F44-7956FCB52B5A}.Debug|Any CPU.Deploy.0 = Debug|Any CPU
		{A7866AD5-2BC2-48DA-8F44-7956FCB52B5A}.Release|Any CPU.ActiveCfg = Release|Any CPU
		{A7866AD5-2BC2-48DA-8F44-7956FCB52B5A}.Release|Any CPU.Build.0 = Release|Any CPU
		{A7866AD5-2BC2-48DA-8F44-7956FCB52B5A}.Release|Any CPU.Deploy.0 = Release|Any CPU
	EndGlobalSection
	GlobalSection(SolutionProperties) = preSolution
		HideSolutionNode = FALSE
	EndGlobalSection
	GlobalSection(ExtensibilityGlobals) = postSolution
		SolutionGuid = {D2018E70-4417-4EC8-8816-AD84F51CA79F}
	EndGlobalSection
EndGlobal
